
Microsoft Visual Studio Solution File, Format Version 12.00
# Visual Studio Version 17
VisualStudioVersion = 17.3.32929.385
MinimumVisualStudioVersion = 10.0.40219.1
Project("{FAE04EC0-301F-11D3-BF4B-00C04F79EFBC}") = "MacroHotKeys", "MacroHotKeys\MacroHotKeys.csproj", "{E264969A-CE9D-4692-99CA-5CCB683DF7EE}"
EndProject
Global
	GlobalSection(SolutionConfigurationPlatforms) = preSolution
		Debug|Any CPU = Debug|Any CPU
		Release|Any CPU = Release|Any CPU
	EndGlobalSection
	GlobalSection(ProjectConfigurationPlatforms) = postSolution
		{E264969A-CE9D-4692-99CA-5CCB683DF7EE}.Debug|Any CPU.ActiveCfg = Debug|Any CPU
		{E264969A-CE9D-4692-99CA-5CCB683DF7EE}.Debug|Any CPU.Build.0 = Debug|Any CPU
		{E264969A-CE9D-4692-99CA-5CCB683DF7EE}.Release|Any CPU.ActiveCfg = Release|Any CPU
		{E264969A-CE9D-4692-99CA-5CCB683DF7EE}.Release|Any CPU.Build.0 = Release|Any CPU
	EndGlobalSection
	GlobalSection(SolutionProperties) = preSolution
		HideSolutionNode = FALSE
	EndGlobalSection
	GlobalSection(ExtensibilityGlobals) = postSolution
		SolutionGuid = {A43B752E-6F85-4D90-9C4D-B79B332C20DD}
	EndGlobalSection
EndGlobal
